
Microsoft Visual Studio Solution File, Format Version 12.00
# Visual Studio Version 17
VisualStudioVersion = 17.14.36705.20 d17.14
MinimumVisualStudioVersion = 10.0.40219.1
Project("{FAE04EC0-301F-11D3-BF4B-00C04F79EFBC}") = "Woof", "Woof\Woof.csproj", "{5CFF7305-C2AD-4EF9-9DCA-B8ECF299C99D}"
EndProject
Global
	GlobalSection(SolutionConfigurationPlatforms) = preSolution
		Debug|Any CPU = Debug|Any CPU
		Release|Any CPU = Release|Any CPU
	EndGlobalSection
	GlobalSection(ProjectConfigurationPlatforms) = postSolution
		{5CFF7305-C2AD-4EF9-9DCA-B8ECF299C99D}.Debug|Any CPU.ActiveCfg = Debug|Any CPU
		{5CFF7305-C2AD-4EF9-9DCA-B8ECF299C99D}.Debug|Any CPU.Build.0 = Debug|Any CPU
		{5CFF7305-C2AD-4EF9-9DCA-B8ECF299C99D}.Release|Any CPU.ActiveCfg = Release|Any CPU
		{5CFF7305-C2AD-4EF9-9DCA-B8ECF299C99D}.Release|Any CPU.Build.0 = Release|Any CPU
	EndGlobalSection
	GlobalSection(SolutionProperties) = preSolution
		HideSolutionNode = FALSE
	EndGlobalSection
	GlobalSection(ExtensibilityGlobals) = postSolution
		SolutionGuid = {A46383E4-6663-4EDF-9B88-96BD021C7AC8}
	EndGlobalSection
EndGlobal
